// !$*UTF8*$!
{
	archiveVersion = 1;
	classes = {
	};
	objectVersion = 46;
	objects = {

/* Begin PBXBuildFile section */
		187CEB99E8FA7975F024956F /* Pods_PlanItUITests.framework in Frameworks */ = {isa = PBXBuildFile; fileRef = 11E43B3196FC8DBB0551C1EB /* Pods_PlanItUITests.framework */; };
		5F4DAE231DD666FA00450083 /* ConnectionHandler.swift in Sources */ = {isa = PBXBuildFile; fileRef = 5F4DAE221DD666FA00450083 /* ConnectionHandler.swift */; };
		5F4DAE251DD9206000450083 /* NavigationTableViewController.swift in Sources */ = {isa = PBXBuildFile; fileRef = 5F4DAE241DD9206000450083 /* NavigationTableViewController.swift */; };
		5F4DAE271DD948B400450083 /* ItineraryManager.swift in Sources */ = {isa = PBXBuildFile; fileRef = 5F4DAE261DD948B400450083 /* ItineraryManager.swift */; };
		5F4DAE291DD94D9900450083 /* ItineraryShell.swift in Sources */ = {isa = PBXBuildFile; fileRef = 5F4DAE281DD94D9900450083 /* ItineraryShell.swift */; };
		84AAEAC1797DB61C96BBC033 /* Pods_PlanItTests.framework in Frameworks */ = {isa = PBXBuildFile; fileRef = 75E91D34BA20286BB7C5B848 /* Pods_PlanItTests.framework */; };
		A81D2829E2EA60AB2A211AA8 /* Pods_PlanIt.framework in Frameworks */ = {isa = PBXBuildFile; fileRef = 71674194458DDE13383221ED /* Pods_PlanIt.framework */; };
		BC08F0581DFB4FC700AFA3DC /* CalendarViewController.swift in Sources */ = {isa = PBXBuildFile; fileRef = BC08F0571DFB4FC600AFA3DC /* CalendarViewController.swift */; };
		BC08F05A1DFB60BA00AFA3DC /* Main.storyboard in Resources */ = {isa = PBXBuildFile; fileRef = BC08F0591DFB60BA00AFA3DC /* Main.storyboard */; };
		F944DF081DC920AC00F59D53 /* AppDelegate.swift in Sources */ = {isa = PBXBuildFile; fileRef = F944DF071DC920AC00F59D53 /* AppDelegate.swift */; };
		F944DF0A1DC920AC00F59D53 /* ViewController.swift in Sources */ = {isa = PBXBuildFile; fileRef = F944DF091DC920AC00F59D53 /* ViewController.swift */; };
		F944DF101DC920AC00F59D53 /* PlanIt.xcdatamodeld in Sources */ = {isa = PBXBuildFile; fileRef = F944DF0E1DC920AC00F59D53 /* PlanIt.xcdatamodeld */; };
		F944DF201DC920AD00F59D53 /* PlanItTests.swift in Sources */ = {isa = PBXBuildFile; fileRef = F944DF1F1DC920AD00F59D53 /* PlanItTests.swift */; };
		F944DF2B1DC920AD00F59D53 /* PlanItUITests.swift in Sources */ = {isa = PBXBuildFile; fileRef = F944DF2A1DC920AD00F59D53 /* PlanItUITests.swift */; };
		F944DF391DC9214600F59D53 /* DatePickerDialog.swift in Sources */ = {isa = PBXBuildFile; fileRef = F944DF381DC9214600F59D53 /* DatePickerDialog.swift */; };
		F944DF3D1DC921EB00F59D53 /* DatePicker.swift in Sources */ = {isa = PBXBuildFile; fileRef = F944DF3C1DC921EB00F59D53 /* DatePicker.swift */; };
		F944DF3F1DC9220600F59D53 /* Assets.xcassets in Resources */ = {isa = PBXBuildFile; fileRef = F944DF3E1DC9220600F59D53 /* Assets.xcassets */; };
		F944DF411DC9221700F59D53 /* LaunchScreen.storyboard in Resources */ = {isa = PBXBuildFile; fileRef = F944DF401DC9221700F59D53 /* LaunchScreen.storyboard */; };
		F944DF481DC9222E00F59D53 /* RegisterPageViewController.swift in Sources */ = {isa = PBXBuildFile; fileRef = F944DF421DC9222E00F59D53 /* RegisterPageViewController.swift */; };
		F944DF491DC9222E00F59D53 /* LoginPageViewController.swift in Sources */ = {isa = PBXBuildFile; fileRef = F944DF431DC9222E00F59D53 /* LoginPageViewController.swift */; };
		F944DF4A1DC9222E00F59D53 /* ItineraryTableViewCell.swift in Sources */ = {isa = PBXBuildFile; fileRef = F944DF441DC9222E00F59D53 /* ItineraryTableViewCell.swift */; };
		F944DF4B1DC9222E00F59D53 /* ItineraryTableViewController.swift in Sources */ = {isa = PBXBuildFile; fileRef = F944DF451DC9222E00F59D53 /* ItineraryTableViewController.swift */; };
		F944DF4C1DC9222E00F59D53 /* Itinerary.swift in Sources */ = {isa = PBXBuildFile; fileRef = F944DF461DC9222E00F59D53 /* Itinerary.swift */; };
		F944DF4D1DC9222E00F59D53 /* DateViewController.swift in Sources */ = {isa = PBXBuildFile; fileRef = F944DF471DC9222E00F59D53 /* DateViewController.swift */; };
		F944DF4F1DC9289300F59D53 /* PlanIt-Logo.png in Resources */ = {isa = PBXBuildFile; fileRef = F944DF4E1DC9289300F59D53 /* PlanIt-Logo.png */; };
		F944DF7F1DD4DC5700F59D53 /* SWRevealViewController.m in Sources */ = {isa = PBXBuildFile; fileRef = F944DF7E1DD4DC5700F59D53 /* SWRevealViewController.m */; };
		F9AFF4FB1DFF90FE0099EA6E /* Localizable.strings in Resources */ = {isa = PBXBuildFile; fileRef = F9AFF4FA1DFF90FE0099EA6E /* Localizable.strings */; };
		F9AFF5081DFFC21C0099EA6E /* EventKit.framework in Frameworks */ = {isa = PBXBuildFile; fileRef = F9AFF5061DFFC21C0099EA6E /* EventKit.framework */; };
		F9AFF5091DFFC21C0099EA6E /* EventKitUI.framework in Frameworks */ = {isa = PBXBuildFile; fileRef = F9AFF5071DFFC21C0099EA6E /* EventKitUI.framework */; };
		F9BB36081DFE1A6700868664 /* MGCAlignedGeometry.m in Sources */ = {isa = PBXBuildFile; fileRef = F9BB35C41DFE1A6700868664 /* MGCAlignedGeometry.m */; };
		F9BB36091DFE1A6700868664 /* MGCAllDayEventsViewLayout.m in Sources */ = {isa = PBXBuildFile; fileRef = F9BB35C61DFE1A6700868664 /* MGCAllDayEventsViewLayout.m */; };
		F9BB360A1DFE1A6700868664 /* MGCCalendarHeaderCell.m in Sources */ = {isa = PBXBuildFile; fileRef = F9BB35C81DFE1A6700868664 /* MGCCalendarHeaderCell.m */; };
		F9BB360B1DFE1A6700868664 /* MGCCalendarHeaderCell.xib in Resources */ = {isa = PBXBuildFile; fileRef = F9BB35C91DFE1A6700868664 /* MGCCalendarHeaderCell.xib */; };
		F9BB360C1DFE1A6700868664 /* MGCCalendarHeaderView.m in Sources */ = {isa = PBXBuildFile; fileRef = F9BB35CB1DFE1A6700868664 /* MGCCalendarHeaderView.m */; };
		F9BB360D1DFE1A6700868664 /* MGCDateRange.m in Sources */ = {isa = PBXBuildFile; fileRef = F9BB35CD1DFE1A6700868664 /* MGCDateRange.m */; };
		F9BB360E1DFE1A6700868664 /* MGCDayColumnCell.m in Sources */ = {isa = PBXBuildFile; fileRef = F9BB35CF1DFE1A6700868664 /* MGCDayColumnCell.m */; };
		F9BB360F1DFE1A6700868664 /* MGCDayPlannerEKViewController.m in Sources */ = {isa = PBXBuildFile; fileRef = F9BB35D11DFE1A6700868664 /* MGCDayPlannerEKViewController.m */; };
		F9BB36101DFE1A6700868664 /* MGCDayPlannerView.m in Sources */ = {isa = PBXBuildFile; fileRef = F9BB35D31DFE1A6700868664 /* MGCDayPlannerView.m */; };
		F9BB36111DFE1A6700868664 /* MGCDayPlannerViewController.m in Sources */ = {isa = PBXBuildFile; fileRef = F9BB35D51DFE1A6700868664 /* MGCDayPlannerViewController.m */; };
		F9BB36121DFE1A6700868664 /* MGCEventCell.m in Sources */ = {isa = PBXBuildFile; fileRef = F9BB35D71DFE1A6700868664 /* MGCEventCell.m */; };
		F9BB36131DFE1A6700868664 /* MGCEventCellLayoutAttributes.m in Sources */ = {isa = PBXBuildFile; fileRef = F9BB35D91DFE1A6700868664 /* MGCEventCellLayoutAttributes.m */; };
		F9BB36141DFE1A6700868664 /* MGCEventKitSupport.m in Sources */ = {isa = PBXBuildFile; fileRef = F9BB35DB1DFE1A6700868664 /* MGCEventKitSupport.m */; };
		F9BB36151DFE1A6700868664 /* MGCEventsRowView.m in Sources */ = {isa = PBXBuildFile; fileRef = F9BB35DD1DFE1A6700868664 /* MGCEventsRowView.m */; };
		F9BB36161DFE1A6700868664 /* MGCEventView.m in Sources */ = {isa = PBXBuildFile; fileRef = F9BB35DF1DFE1A6700868664 /* MGCEventView.m */; };
		F9BB36171DFE1A6700868664 /* MGCInteractiveEventView.m in Sources */ = {isa = PBXBuildFile; fileRef = F9BB35E11DFE1A6700868664 /* MGCInteractiveEventView.m */; };
		F9BB36211DFE1A6700868664 /* MGCReusableObjectQueue.m in Sources */ = {isa = PBXBuildFile; fileRef = F9BB35F51DFE1A6700868664 /* MGCReusableObjectQueue.m */; };
		F9BB36221DFE1A6700868664 /* MGCStandardEventView.m in Sources */ = {isa = PBXBuildFile; fileRef = F9BB35F71DFE1A6700868664 /* MGCStandardEventView.m */; };
		F9BB36231DFE1A6700868664 /* MGCTimedEventsViewLayout.m in Sources */ = {isa = PBXBuildFile; fileRef = F9BB35F91DFE1A6700868664 /* MGCTimedEventsViewLayout.m */; };
		F9BB36241DFE1A6700868664 /* MGCTimeRowsView.m in Sources */ = {isa = PBXBuildFile; fileRef = F9BB35FB1DFE1A6700868664 /* MGCTimeRowsView.m */; };
		F9BB36281DFE1A6700868664 /* NSAttributedString+MGCAdditions.m in Sources */ = {isa = PBXBuildFile; fileRef = F9BB36031DFE1A6700868664 /* NSAttributedString+MGCAdditions.m */; };
		F9BB36291DFE1A6700868664 /* NSCalendar+MGCAdditions.m in Sources */ = {isa = PBXBuildFile; fileRef = F9BB36051DFE1A6700868664 /* NSCalendar+MGCAdditions.m */; };
		F9BB36641DFE45A300868664 /* WeekSettingsViewController.m in Sources */ = {isa = PBXBuildFile; fileRef = F9BB36611DFE45A300868664 /* WeekSettingsViewController.m */; };
		F9BB36651DFE45A300868664 /* WeekViewController.m in Sources */ = {isa = PBXBuildFile; fileRef = F9BB36631DFE45A300868664 /* WeekViewController.m */; };
		F9BB36701DFE45BE00868664 /* main-iPhone.storyboard in Resources */ = {isa = PBXBuildFile; fileRef = F9BB36661DFE45BE00868664 /* main-iPhone.storyboard */; };
		F9BB36711DFE45BE00868664 /* main.m in Sources */ = {isa = PBXBuildFile; fileRef = F9BB36671DFE45BE00868664 /* main.m */; };
		F9BB36721DFE45BE00868664 /* MainViewController.m in Sources */ = {isa = PBXBuildFile; fileRef = F9BB36691DFE45BE00868664 /* MainViewController.m */; };
		F9BB36761DFE45BE00868664 /* settings.storyboard in Resources */ = {isa = PBXBuildFile; fileRef = F9BB366F1DFE45BE00868664 /* settings.storyboard */; };
		F9BB367C1DFE45FA00868664 /* CustomTimedEventsViewLayout.m in Sources */ = {isa = PBXBuildFile; fileRef = F9BB367B1DFE45FA00868664 /* CustomTimedEventsViewLayout.m */; };
		F9BB367F1DFE460200868664 /* DayViewController.m in Sources */ = {isa = PBXBuildFile; fileRef = F9BB367E1DFE460200868664 /* DayViewController.m */; };
		F9BB36881DFE46EF00868664 /* AppDelegate.m in Sources */ = {isa = PBXBuildFile; fileRef = F9BB36871DFE46EF00868664 /* AppDelegate.m */; };
/* End PBXBuildFile section */

/* Begin PBXContainerItemProxy section */
		F944DF1C1DC920AD00F59D53 /* PBXContainerItemProxy */ = {
			isa = PBXContainerItemProxy;
			containerPortal = F944DEFC1DC920AB00F59D53 /* Project object */;
			proxyType = 1;
			remoteGlobalIDString = F944DF031DC920AC00F59D53;
			remoteInfo = PlanIt;
		};
		F944DF271DC920AD00F59D53 /* PBXContainerItemProxy */ = {
			isa = PBXContainerItemProxy;
			containerPortal = F944DEFC1DC920AB00F59D53 /* Project object */;
			proxyType = 1;
			remoteGlobalIDString = F944DF031DC920AC00F59D53;
			remoteInfo = PlanIt;
		};
/* End PBXContainerItemProxy section */

/* Begin PBXFileReference section */
		11E43B3196FC8DBB0551C1EB /* Pods_PlanItUITests.framework */ = {isa = PBXFileReference; explicitFileType = wrapper.framework; includeInIndex = 0; path = Pods_PlanItUITests.framework; sourceTree = BUILT_PRODUCTS_DIR; };
		17562A9AE8C3E3AED3467E98 /* Pods-PlanItUITests.debug.xcconfig */ = {isa = PBXFileReference; includeInIndex = 1; lastKnownFileType = text.xcconfig; name = "Pods-PlanItUITests.debug.xcconfig"; path = "Pods/Target Support Files/Pods-PlanItUITests/Pods-PlanItUITests.debug.xcconfig"; sourceTree = "<group>"; };
		5F4DAE221DD666FA00450083 /* ConnectionHandler.swift */ = {isa = PBXFileReference; fileEncoding = 4; lastKnownFileType = sourcecode.swift; path = ConnectionHandler.swift; sourceTree = "<group>"; };
		5F4DAE241DD9206000450083 /* NavigationTableViewController.swift */ = {isa = PBXFileReference; fileEncoding = 4; lastKnownFileType = sourcecode.swift; path = NavigationTableViewController.swift; sourceTree = "<group>"; };
		5F4DAE261DD948B400450083 /* ItineraryManager.swift */ = {isa = PBXFileReference; fileEncoding = 4; lastKnownFileType = sourcecode.swift; path = ItineraryManager.swift; sourceTree = "<group>"; };
		5F4DAE281DD94D9900450083 /* ItineraryShell.swift */ = {isa = PBXFileReference; fileEncoding = 4; lastKnownFileType = sourcecode.swift; path = ItineraryShell.swift; sourceTree = "<group>"; };
		68F773566CFD9695C55FD734 /* Pods-PlanIt.debug.xcconfig */ = {isa = PBXFileReference; includeInIndex = 1; lastKnownFileType = text.xcconfig; name = "Pods-PlanIt.debug.xcconfig"; path = "Pods/Target Support Files/Pods-PlanIt/Pods-PlanIt.debug.xcconfig"; sourceTree = "<group>"; };
		71674194458DDE13383221ED /* Pods_PlanIt.framework */ = {isa = PBXFileReference; explicitFileType = wrapper.framework; includeInIndex = 0; path = Pods_PlanIt.framework; sourceTree = BUILT_PRODUCTS_DIR; };
		75E91D34BA20286BB7C5B848 /* Pods_PlanItTests.framework */ = {isa = PBXFileReference; explicitFileType = wrapper.framework; includeInIndex = 0; path = Pods_PlanItTests.framework; sourceTree = BUILT_PRODUCTS_DIR; };
		B661A13B28D47183FFBD0B43 /* Pods-PlanIt.release.xcconfig */ = {isa = PBXFileReference; includeInIndex = 1; lastKnownFileType = text.xcconfig; name = "Pods-PlanIt.release.xcconfig"; path = "Pods/Target Support Files/Pods-PlanIt/Pods-PlanIt.release.xcconfig"; sourceTree = "<group>"; };
		BC08F0571DFB4FC600AFA3DC /* CalendarViewController.swift */ = {isa = PBXFileReference; fileEncoding = 4; lastKnownFileType = sourcecode.swift; path = CalendarViewController.swift; sourceTree = "<group>"; };
		BC08F0591DFB60BA00AFA3DC /* Main.storyboard */ = {isa = PBXFileReference; fileEncoding = 4; lastKnownFileType = file.storyboard; path = Main.storyboard; sourceTree = "<group>"; };
		C75A2822C57D4F284206F040 /* Pods-PlanItUITests.release.xcconfig */ = {isa = PBXFileReference; includeInIndex = 1; lastKnownFileType = text.xcconfig; name = "Pods-PlanItUITests.release.xcconfig"; path = "Pods/Target Support Files/Pods-PlanItUITests/Pods-PlanItUITests.release.xcconfig"; sourceTree = "<group>"; };
		CD6EC06CD1C8F28A2D610C30 /* Pods-PlanItTests.release.xcconfig */ = {isa = PBXFileReference; includeInIndex = 1; lastKnownFileType = text.xcconfig; name = "Pods-PlanItTests.release.xcconfig"; path = "Pods/Target Support Files/Pods-PlanItTests/Pods-PlanItTests.release.xcconfig"; sourceTree = "<group>"; };
		E00277539C039736CB83B76A /* Pods-PlanItTests.debug.xcconfig */ = {isa = PBXFileReference; includeInIndex = 1; lastKnownFileType = text.xcconfig; name = "Pods-PlanItTests.debug.xcconfig"; path = "Pods/Target Support Files/Pods-PlanItTests/Pods-PlanItTests.debug.xcconfig"; sourceTree = "<group>"; };
		F944DF041DC920AC00F59D53 /* PlanIt.app */ = {isa = PBXFileReference; explicitFileType = wrapper.application; includeInIndex = 0; path = PlanIt.app; sourceTree = BUILT_PRODUCTS_DIR; };
		F944DF071DC920AC00F59D53 /* AppDelegate.swift */ = {isa = PBXFileReference; lastKnownFileType = sourcecode.swift; path = AppDelegate.swift; sourceTree = "<group>"; };
		F944DF091DC920AC00F59D53 /* ViewController.swift */ = {isa = PBXFileReference; lastKnownFileType = sourcecode.swift; path = ViewController.swift; sourceTree = "<group>"; };
		F944DF0F1DC920AC00F59D53 /* PlanIt.xcdatamodel */ = {isa = PBXFileReference; lastKnownFileType = wrapper.xcdatamodel; path = PlanIt.xcdatamodel; sourceTree = "<group>"; };
		F944DF161DC920AC00F59D53 /* Info.plist */ = {isa = PBXFileReference; lastKnownFileType = text.plist.xml; path = Info.plist; sourceTree = "<group>"; };
		F944DF1B1DC920AD00F59D53 /* PlanItTests.xctest */ = {isa = PBXFileReference; explicitFileType = wrapper.cfbundle; includeInIndex = 0; path = PlanItTests.xctest; sourceTree = BUILT_PRODUCTS_DIR; };
		F944DF1F1DC920AD00F59D53 /* PlanItTests.swift */ = {isa = PBXFileReference; lastKnownFileType = sourcecode.swift; path = PlanItTests.swift; sourceTree = "<group>"; };
		F944DF211DC920AD00F59D53 /* Info.plist */ = {isa = PBXFileReference; lastKnownFileType = text.plist.xml; path = Info.plist; sourceTree = "<group>"; };
		F944DF261DC920AD00F59D53 /* PlanItUITests.xctest */ = {isa = PBXFileReference; explicitFileType = wrapper.cfbundle; includeInIndex = 0; path = PlanItUITests.xctest; sourceTree = BUILT_PRODUCTS_DIR; };
		F944DF2A1DC920AD00F59D53 /* PlanItUITests.swift */ = {isa = PBXFileReference; lastKnownFileType = sourcecode.swift; path = PlanItUITests.swift; sourceTree = "<group>"; };
		F944DF2C1DC920AD00F59D53 /* Info.plist */ = {isa = PBXFileReference; lastKnownFileType = text.plist.xml; path = Info.plist; sourceTree = "<group>"; };
		F944DF381DC9214600F59D53 /* DatePickerDialog.swift */ = {isa = PBXFileReference; fileEncoding = 4; lastKnownFileType = sourcecode.swift; path = DatePickerDialog.swift; sourceTree = "<group>"; };
		F944DF3C1DC921EB00F59D53 /* DatePicker.swift */ = {isa = PBXFileReference; fileEncoding = 4; lastKnownFileType = sourcecode.swift; path = DatePicker.swift; sourceTree = "<group>"; };
		F944DF3E1DC9220600F59D53 /* Assets.xcassets */ = {isa = PBXFileReference; lastKnownFileType = folder.assetcatalog; path = Assets.xcassets; sourceTree = "<group>"; };
		F944DF401DC9221700F59D53 /* LaunchScreen.storyboard */ = {isa = PBXFileReference; fileEncoding = 4; lastKnownFileType = file.storyboard; path = LaunchScreen.storyboard; sourceTree = "<group>"; };
		F944DF421DC9222E00F59D53 /* RegisterPageViewController.swift */ = {isa = PBXFileReference; fileEncoding = 4; lastKnownFileType = sourcecode.swift; path = RegisterPageViewController.swift; sourceTree = "<group>"; };
		F944DF431DC9222E00F59D53 /* LoginPageViewController.swift */ = {isa = PBXFileReference; fileEncoding = 4; lastKnownFileType = sourcecode.swift; path = LoginPageViewController.swift; sourceTree = "<group>"; };
		F944DF441DC9222E00F59D53 /* ItineraryTableViewCell.swift */ = {isa = PBXFileReference; fileEncoding = 4; lastKnownFileType = sourcecode.swift; path = ItineraryTableViewCell.swift; sourceTree = "<group>"; };
		F944DF451DC9222E00F59D53 /* ItineraryTableViewController.swift */ = {isa = PBXFileReference; fileEncoding = 4; lastKnownFileType = sourcecode.swift; path = ItineraryTableViewController.swift; sourceTree = "<group>"; };
		F944DF461DC9222E00F59D53 /* Itinerary.swift */ = {isa = PBXFileReference; fileEncoding = 4; lastKnownFileType = sourcecode.swift; path = Itinerary.swift; sourceTree = "<group>"; };
		F944DF471DC9222E00F59D53 /* DateViewController.swift */ = {isa = PBXFileReference; fileEncoding = 4; lastKnownFileType = sourcecode.swift; path = DateViewController.swift; sourceTree = "<group>"; };
		F944DF4E1DC9289300F59D53 /* PlanIt-Logo.png */ = {isa = PBXFileReference; lastKnownFileType = image.png; path = "PlanIt-Logo.png"; sourceTree = "<group>"; };
		F944DF7C1DD4DC5600F59D53 /* PlanIt-Bridging-Header.h */ = {isa = PBXFileReference; lastKnownFileType = sourcecode.c.h; path = "PlanIt-Bridging-Header.h"; sourceTree = "<group>"; };
		F944DF7D1DD4DC5700F59D53 /* SWRevealViewController.h */ = {isa = PBXFileReference; fileEncoding = 4; lastKnownFileType = sourcecode.c.h; path = SWRevealViewController.h; sourceTree = "<group>"; };
		F944DF7E1DD4DC5700F59D53 /* SWRevealViewController.m */ = {isa = PBXFileReference; fileEncoding = 4; lastKnownFileType = sourcecode.c.objc; path = SWRevealViewController.m; sourceTree = "<group>"; };
		F9AFF4FA1DFF90FE0099EA6E /* Localizable.strings */ = {isa = PBXFileReference; fileEncoding = 4; lastKnownFileType = text.plist.strings; path = Localizable.strings; sourceTree = "<group>"; };
		F9AFF5061DFFC21C0099EA6E /* EventKit.framework */ = {isa = PBXFileReference; lastKnownFileType = wrapper.framework; name = EventKit.framework; path = System/Library/Frameworks/EventKit.framework; sourceTree = SDKROOT; };
		F9AFF5071DFFC21C0099EA6E /* EventKitUI.framework */ = {isa = PBXFileReference; lastKnownFileType = wrapper.framework; name = EventKitUI.framework; path = System/Library/Frameworks/EventKitUI.framework; sourceTree = SDKROOT; };
		F9BB35C01DFE1A6700868664 /* Constant.h */ = {isa = PBXFileReference; fileEncoding = 4; lastKnownFileType = sourcecode.c.h; path = Constant.h; sourceTree = "<group>"; };
		F9BB35C31DFE1A6700868664 /* MGCAlignedGeometry.h */ = {isa = PBXFileReference; fileEncoding = 4; lastKnownFileType = sourcecode.c.h; path = MGCAlignedGeometry.h; sourceTree = "<group>"; };
		F9BB35C41DFE1A6700868664 /* MGCAlignedGeometry.m */ = {isa = PBXFileReference; fileEncoding = 4; lastKnownFileType = sourcecode.c.objc; path = MGCAlignedGeometry.m; sourceTree = "<group>"; };
		F9BB35C51DFE1A6700868664 /* MGCAllDayEventsViewLayout.h */ = {isa = PBXFileReference; fileEncoding = 4; lastKnownFileType = sourcecode.c.h; path = MGCAllDayEventsViewLayout.h; sourceTree = "<group>"; };
		F9BB35C61DFE1A6700868664 /* MGCAllDayEventsViewLayout.m */ = {isa = PBXFileReference; fileEncoding = 4; lastKnownFileType = sourcecode.c.objc; path = MGCAllDayEventsViewLayout.m; sourceTree = "<group>"; };
		F9BB35C71DFE1A6700868664 /* MGCCalendarHeaderCell.h */ = {isa = PBXFileReference; fileEncoding = 4; lastKnownFileType = sourcecode.c.h; path = MGCCalendarHeaderCell.h; sourceTree = "<group>"; };
		F9BB35C81DFE1A6700868664 /* MGCCalendarHeaderCell.m */ = {isa = PBXFileReference; fileEncoding = 4; lastKnownFileType = sourcecode.c.objc; path = MGCCalendarHeaderCell.m; sourceTree = "<group>"; };
		F9BB35C91DFE1A6700868664 /* MGCCalendarHeaderCell.xib */ = {isa = PBXFileReference; fileEncoding = 4; lastKnownFileType = file.xib; path = MGCCalendarHeaderCell.xib; sourceTree = "<group>"; };
		F9BB35CA1DFE1A6700868664 /* MGCCalendarHeaderView.h */ = {isa = PBXFileReference; fileEncoding = 4; lastKnownFileType = sourcecode.c.h; path = MGCCalendarHeaderView.h; sourceTree = "<group>"; };
		F9BB35CB1DFE1A6700868664 /* MGCCalendarHeaderView.m */ = {isa = PBXFileReference; fileEncoding = 4; lastKnownFileType = sourcecode.c.objc; path = MGCCalendarHeaderView.m; sourceTree = "<group>"; };
		F9BB35CC1DFE1A6700868664 /* MGCDateRange.h */ = {isa = PBXFileReference; fileEncoding = 4; lastKnownFileType = sourcecode.c.h; path = MGCDateRange.h; sourceTree = "<group>"; };
		F9BB35CD1DFE1A6700868664 /* MGCDateRange.m */ = {isa = PBXFileReference; fileEncoding = 4; lastKnownFileType = sourcecode.c.objc; path = MGCDateRange.m; sourceTree = "<group>"; };
		F9BB35CE1DFE1A6700868664 /* MGCDayColumnCell.h */ = {isa = PBXFileReference; fileEncoding = 4; lastKnownFileType = sourcecode.c.h; path = MGCDayColumnCell.h; sourceTree = "<group>"; };
		F9BB35CF1DFE1A6700868664 /* MGCDayColumnCell.m */ = {isa = PBXFileReference; fileEncoding = 4; lastKnownFileType = sourcecode.c.objc; path = MGCDayColumnCell.m; sourceTree = "<group>"; };
		F9BB35D01DFE1A6700868664 /* MGCDayPlannerEKViewController.h */ = {isa = PBXFileReference; fileEncoding = 4; lastKnownFileType = sourcecode.c.h; path = MGCDayPlannerEKViewController.h; sourceTree = "<group>"; };
		F9BB35D11DFE1A6700868664 /* MGCDayPlannerEKViewController.m */ = {isa = PBXFileReference; fileEncoding = 4; lastKnownFileType = sourcecode.c.objc; path = MGCDayPlannerEKViewController.m; sourceTree = "<group>"; };
		F9BB35D21DFE1A6700868664 /* MGCDayPlannerView.h */ = {isa = PBXFileReference; fileEncoding = 4; lastKnownFileType = sourcecode.c.h; path = MGCDayPlannerView.h; sourceTree = "<group>"; };
		F9BB35D31DFE1A6700868664 /* MGCDayPlannerView.m */ = {isa = PBXFileReference; fileEncoding = 4; lastKnownFileType = sourcecode.c.objc; path = MGCDayPlannerView.m; sourceTree = "<group>"; };
		F9BB35D41DFE1A6700868664 /* MGCDayPlannerViewController.h */ = {isa = PBXFileReference; fileEncoding = 4; lastKnownFileType = sourcecode.c.h; path = MGCDayPlannerViewController.h; sourceTree = "<group>"; };
		F9BB35D51DFE1A6700868664 /* MGCDayPlannerViewController.m */ = {isa = PBXFileReference; fileEncoding = 4; lastKnownFileType = sourcecode.c.objc; path = MGCDayPlannerViewController.m; sourceTree = "<group>"; };
		F9BB35D61DFE1A6700868664 /* MGCEventCell.h */ = {isa = PBXFileReference; fileEncoding = 4; lastKnownFileType = sourcecode.c.h; path = MGCEventCell.h; sourceTree = "<group>"; };
		F9BB35D71DFE1A6700868664 /* MGCEventCell.m */ = {isa = PBXFileReference; fileEncoding = 4; lastKnownFileType = sourcecode.c.objc; path = MGCEventCell.m; sourceTree = "<group>"; };
		F9BB35D81DFE1A6700868664 /* MGCEventCellLayoutAttributes.h */ = {isa = PBXFileReference; fileEncoding = 4; lastKnownFileType = sourcecode.c.h; path = MGCEventCellLayoutAttributes.h; sourceTree = "<group>"; };
		F9BB35D91DFE1A6700868664 /* MGCEventCellLayoutAttributes.m */ = {isa = PBXFileReference; fileEncoding = 4; lastKnownFileType = sourcecode.c.objc; path = MGCEventCellLayoutAttributes.m; sourceTree = "<group>"; };
		F9BB35DA1DFE1A6700868664 /* MGCEventKitSupport.h */ = {isa = PBXFileReference; fileEncoding = 4; lastKnownFileType = sourcecode.c.h; path = MGCEventKitSupport.h; sourceTree = "<group>"; };
		F9BB35DB1DFE1A6700868664 /* MGCEventKitSupport.m */ = {isa = PBXFileReference; fileEncoding = 4; lastKnownFileType = sourcecode.c.objc; path = MGCEventKitSupport.m; sourceTree = "<group>"; };
		F9BB35DC1DFE1A6700868664 /* MGCEventsRowView.h */ = {isa = PBXFileReference; fileEncoding = 4; lastKnownFileType = sourcecode.c.h; path = MGCEventsRowView.h; sourceTree = "<group>"; };
		F9BB35DD1DFE1A6700868664 /* MGCEventsRowView.m */ = {isa = PBXFileReference; fileEncoding = 4; lastKnownFileType = sourcecode.c.objc; path = MGCEventsRowView.m; sourceTree = "<group>"; };
		F9BB35DE1DFE1A6700868664 /* MGCEventView.h */ = {isa = PBXFileReference; fileEncoding = 4; lastKnownFileType = sourcecode.c.h; path = MGCEventView.h; sourceTree = "<group>"; };
		F9BB35DF1DFE1A6700868664 /* MGCEventView.m */ = {isa = PBXFileReference; fileEncoding = 4; lastKnownFileType = sourcecode.c.objc; path = MGCEventView.m; sourceTree = "<group>"; };
		F9BB35E01DFE1A6700868664 /* MGCInteractiveEventView.h */ = {isa = PBXFileReference; fileEncoding = 4; lastKnownFileType = sourcecode.c.h; path = MGCInteractiveEventView.h; sourceTree = "<group>"; };
		F9BB35E11DFE1A6700868664 /* MGCInteractiveEventView.m */ = {isa = PBXFileReference; fileEncoding = 4; lastKnownFileType = sourcecode.c.objc; path = MGCInteractiveEventView.m; sourceTree = "<group>"; };
		F9BB35F41DFE1A6700868664 /* MGCReusableObjectQueue.h */ = {isa = PBXFileReference; fileEncoding = 4; lastKnownFileType = sourcecode.c.h; path = MGCReusableObjectQueue.h; sourceTree = "<group>"; };
		F9BB35F51DFE1A6700868664 /* MGCReusableObjectQueue.m */ = {isa = PBXFileReference; fileEncoding = 4; lastKnownFileType = sourcecode.c.objc; path = MGCReusableObjectQueue.m; sourceTree = "<group>"; };
		F9BB35F61DFE1A6700868664 /* MGCStandardEventView.h */ = {isa = PBXFileReference; fileEncoding = 4; lastKnownFileType = sourcecode.c.h; path = MGCStandardEventView.h; sourceTree = "<group>"; };
		F9BB35F71DFE1A6700868664 /* MGCStandardEventView.m */ = {isa = PBXFileReference; fileEncoding = 4; lastKnownFileType = sourcecode.c.objc; path = MGCStandardEventView.m; sourceTree = "<group>"; };
		F9BB35F81DFE1A6700868664 /* MGCTimedEventsViewLayout.h */ = {isa = PBXFileReference; fileEncoding = 4; lastKnownFileType = sourcecode.c.h; path = MGCTimedEventsViewLayout.h; sourceTree = "<group>"; };
		F9BB35F91DFE1A6700868664 /* MGCTimedEventsViewLayout.m */ = {isa = PBXFileReference; fileEncoding = 4; lastKnownFileType = sourcecode.c.objc; path = MGCTimedEventsViewLayout.m; sourceTree = "<group>"; };
		F9BB35FA1DFE1A6700868664 /* MGCTimeRowsView.h */ = {isa = PBXFileReference; fileEncoding = 4; lastKnownFileType = sourcecode.c.h; path = MGCTimeRowsView.h; sourceTree = "<group>"; };
		F9BB35FB1DFE1A6700868664 /* MGCTimeRowsView.m */ = {isa = PBXFileReference; fileEncoding = 4; lastKnownFileType = sourcecode.c.objc; path = MGCTimeRowsView.m; sourceTree = "<group>"; };
		F9BB36021DFE1A6700868664 /* NSAttributedString+MGCAdditions.h */ = {isa = PBXFileReference; fileEncoding = 4; lastKnownFileType = sourcecode.c.h; path = "NSAttributedString+MGCAdditions.h"; sourceTree = "<group>"; };
		F9BB36031DFE1A6700868664 /* NSAttributedString+MGCAdditions.m */ = {isa = PBXFileReference; fileEncoding = 4; lastKnownFileType = sourcecode.c.objc; path = "NSAttributedString+MGCAdditions.m"; sourceTree = "<group>"; };
		F9BB36041DFE1A6700868664 /* NSCalendar+MGCAdditions.h */ = {isa = PBXFileReference; fileEncoding = 4; lastKnownFileType = sourcecode.c.h; path = "NSCalendar+MGCAdditions.h"; sourceTree = "<group>"; };
		F9BB36051DFE1A6700868664 /* NSCalendar+MGCAdditions.m */ = {isa = PBXFileReference; fileEncoding = 4; lastKnownFileType = sourcecode.c.objc; path = "NSCalendar+MGCAdditions.m"; sourceTree = "<group>"; };
		F9BB36601DFE45A300868664 /* WeekSettingsViewController.h */ = {isa = PBXFileReference; fileEncoding = 4; lastKnownFileType = sourcecode.c.h; path = WeekSettingsViewController.h; sourceTree = "<group>"; };
		F9BB36611DFE45A300868664 /* WeekSettingsViewController.m */ = {isa = PBXFileReference; fileEncoding = 4; lastKnownFileType = sourcecode.c.objc; path = WeekSettingsViewController.m; sourceTree = "<group>"; };
		F9BB36621DFE45A300868664 /* WeekViewController.h */ = {isa = PBXFileReference; fileEncoding = 4; lastKnownFileType = sourcecode.c.h; path = WeekViewController.h; sourceTree = "<group>"; };
		F9BB36631DFE45A300868664 /* WeekViewController.m */ = {isa = PBXFileReference; fileEncoding = 4; lastKnownFileType = sourcecode.c.objc; path = WeekViewController.m; sourceTree = "<group>"; };
		F9BB36661DFE45BE00868664 /* main-iPhone.storyboard */ = {isa = PBXFileReference; fileEncoding = 4; lastKnownFileType = file.storyboard; path = "main-iPhone.storyboard"; sourceTree = "<group>"; };
		F9BB36671DFE45BE00868664 /* main.m */ = {isa = PBXFileReference; fileEncoding = 4; lastKnownFileType = sourcecode.c.objc; path = main.m; sourceTree = "<group>"; };
		F9BB36681DFE45BE00868664 /* MainViewController.h */ = {isa = PBXFileReference; fileEncoding = 4; lastKnownFileType = sourcecode.c.h; path = MainViewController.h; sourceTree = "<group>"; };
		F9BB36691DFE45BE00868664 /* MainViewController.m */ = {isa = PBXFileReference; fileEncoding = 4; lastKnownFileType = sourcecode.c.objc; path = MainViewController.m; sourceTree = "<group>"; };
		F9BB366F1DFE45BE00868664 /* settings.storyboard */ = {isa = PBXFileReference; fileEncoding = 4; lastKnownFileType = file.storyboard; path = settings.storyboard; sourceTree = "<group>"; };
		F9BB36781DFE45F200868664 /* Calendar-Prefix.pch */ = {isa = PBXFileReference; fileEncoding = 4; lastKnownFileType = sourcecode.c.h; path = "Calendar-Prefix.pch"; sourceTree = "<group>"; };
		F9BB367A1DFE45FA00868664 /* CustomTimedEventsViewLayout.h */ = {isa = PBXFileReference; fileEncoding = 4; lastKnownFileType = sourcecode.c.h; path = CustomTimedEventsViewLayout.h; sourceTree = "<group>"; };
		F9BB367B1DFE45FA00868664 /* CustomTimedEventsViewLayout.m */ = {isa = PBXFileReference; fileEncoding = 4; lastKnownFileType = sourcecode.c.objc; path = CustomTimedEventsViewLayout.m; sourceTree = "<group>"; };
		F9BB367D1DFE460200868664 /* DayViewController.h */ = {isa = PBXFileReference; fileEncoding = 4; lastKnownFileType = sourcecode.c.h; path = DayViewController.h; sourceTree = "<group>"; };
		F9BB367E1DFE460200868664 /* DayViewController.m */ = {isa = PBXFileReference; fileEncoding = 4; lastKnownFileType = sourcecode.c.objc; path = DayViewController.m; sourceTree = "<group>"; };
		F9BB36861DFE46EF00868664 /* AppDelegate.h */ = {isa = PBXFileReference; fileEncoding = 4; lastKnownFileType = sourcecode.c.h; path = AppDelegate.h; sourceTree = "<group>"; };
		F9BB36871DFE46EF00868664 /* AppDelegate.m */ = {isa = PBXFileReference; fileEncoding = 4; lastKnownFileType = sourcecode.c.objc; path = AppDelegate.m; sourceTree = "<group>"; };
/* End PBXFileReference section */

/* Begin PBXFrameworksBuildPhase section */
		F944DF011DC920AC00F59D53 /* Frameworks */ = {
			isa = PBXFrameworksBuildPhase;
			buildActionMask = 2147483647;
			files = (
				F9AFF5081DFFC21C0099EA6E /* EventKit.framework in Frameworks */,
				F9AFF5091DFFC21C0099EA6E /* EventKitUI.framework in Frameworks */,
				A81D2829E2EA60AB2A211AA8 /* Pods_PlanIt.framework in Frameworks */,
			);
			runOnlyForDeploymentPostprocessing = 0;
		};
		F944DF181DC920AD00F59D53 /* Frameworks */ = {
			isa = PBXFrameworksBuildPhase;
			buildActionMask = 2147483647;
			files = (
				84AAEAC1797DB61C96BBC033 /* Pods_PlanItTests.framework in Frameworks */,
			);
			runOnlyForDeploymentPostprocessing = 0;
		};
		F944DF231DC920AD00F59D53 /* Frameworks */ = {
			isa = PBXFrameworksBuildPhase;
			buildActionMask = 2147483647;
			files = (
				187CEB99E8FA7975F024956F /* Pods_PlanItUITests.framework in Frameworks */,
			);
			runOnlyForDeploymentPostprocessing = 0;
		};
/* End PBXFrameworksBuildPhase section */

/* Begin PBXGroup section */
		83E9030039E622E6C60B1785 /* Frameworks */ = {
			isa = PBXGroup;
			children = (
				F9AFF5061DFFC21C0099EA6E /* EventKit.framework */,
				F9AFF5071DFFC21C0099EA6E /* EventKitUI.framework */,
				71674194458DDE13383221ED /* Pods_PlanIt.framework */,
				75E91D34BA20286BB7C5B848 /* Pods_PlanItTests.framework */,
				11E43B3196FC8DBB0551C1EB /* Pods_PlanItUITests.framework */,
			);
			name = Frameworks;
			sourceTree = "<group>";
		};
		C849DDB0192F2B875DAEEE17 /* Pods */ = {
			isa = PBXGroup;
			children = (
				68F773566CFD9695C55FD734 /* Pods-PlanIt.debug.xcconfig */,
				B661A13B28D47183FFBD0B43 /* Pods-PlanIt.release.xcconfig */,
				E00277539C039736CB83B76A /* Pods-PlanItTests.debug.xcconfig */,
				CD6EC06CD1C8F28A2D610C30 /* Pods-PlanItTests.release.xcconfig */,
				17562A9AE8C3E3AED3467E98 /* Pods-PlanItUITests.debug.xcconfig */,
				C75A2822C57D4F284206F040 /* Pods-PlanItUITests.release.xcconfig */,
			);
			name = Pods;
			sourceTree = "<group>";
		};
		F944DEFB1DC920AB00F59D53 = {
			isa = PBXGroup;
			children = (
				F944DF061DC920AC00F59D53 /* PlanIt */,
				F944DF1E1DC920AD00F59D53 /* PlanItTests */,
				F944DF291DC920AD00F59D53 /* PlanItUITests */,
				F944DF051DC920AC00F59D53 /* Products */,
				C849DDB0192F2B875DAEEE17 /* Pods */,
				83E9030039E622E6C60B1785 /* Frameworks */,
			);
			sourceTree = "<group>";
		};
		F944DF051DC920AC00F59D53 /* Products */ = {
			isa = PBXGroup;
			children = (
				F944DF041DC920AC00F59D53 /* PlanIt.app */,
				F944DF1B1DC920AD00F59D53 /* PlanItTests.xctest */,
				F944DF261DC920AD00F59D53 /* PlanItUITests.xctest */,
			);
			name = Products;
			sourceTree = "<group>";
		};
		F944DF061DC920AC00F59D53 /* PlanIt */ = {
			isa = PBXGroup;
			children = (
				F9BB365F1DFE457E00868664 /* Calendar */,
				F9BB35A61DFE12BD00868664 /* Calendar Libs */,
				5F4DAE221DD666FA00450083 /* ConnectionHandler.swift */,
				F944DF4E1DC9289300F59D53 /* PlanIt-Logo.png */,
				F944DF381DC9214600F59D53 /* DatePickerDialog.swift */,
				F944DF071DC920AC00F59D53 /* AppDelegate.swift */,
				F944DF781DD4DB9F00F59D53 /* Supporting Files */,
				F944DF091DC920AC00F59D53 /* ViewController.swift */,
				BC08F0571DFB4FC600AFA3DC /* CalendarViewController.swift */,
				F944DF3C1DC921EB00F59D53 /* DatePicker.swift */,
				5F4DAE241DD9206000450083 /* NavigationTableViewController.swift */,
				F9BB366F1DFE45BE00868664 /* settings.storyboard */,
				F9BB36661DFE45BE00868664 /* main-iPhone.storyboard */,
				BC08F0591DFB60BA00AFA3DC /* Main.storyboard */,
				F944DF3E1DC9220600F59D53 /* Assets.xcassets */,
				F944DF401DC9221700F59D53 /* LaunchScreen.storyboard */,
				F944DF161DC920AC00F59D53 /* Info.plist */,
				F944DF0E1DC920AC00F59D53 /* PlanIt.xcdatamodeld */,
				F944DF421DC9222E00F59D53 /* RegisterPageViewController.swift */,
				F944DF431DC9222E00F59D53 /* LoginPageViewController.swift */,
				F944DF441DC9222E00F59D53 /* ItineraryTableViewCell.swift */,
				F944DF451DC9222E00F59D53 /* ItineraryTableViewController.swift */,
				5F4DAE261DD948B400450083 /* ItineraryManager.swift */,
				F944DF461DC9222E00F59D53 /* Itinerary.swift */,
				5F4DAE281DD94D9900450083 /* ItineraryShell.swift */,
				F944DF471DC9222E00F59D53 /* DateViewController.swift */,
			);
			path = PlanIt;
			sourceTree = "<group>";
		};
		F944DF1E1DC920AD00F59D53 /* PlanItTests */ = {
			isa = PBXGroup;
			children = (
				F944DF1F1DC920AD00F59D53 /* PlanItTests.swift */,
				F944DF211DC920AD00F59D53 /* Info.plist */,
			);
			path = PlanItTests;
			sourceTree = "<group>";
		};
		F944DF291DC920AD00F59D53 /* PlanItUITests */ = {
			isa = PBXGroup;
			children = (
				F944DF2A1DC920AD00F59D53 /* PlanItUITests.swift */,
				F944DF2C1DC920AD00F59D53 /* Info.plist */,
			);
			path = PlanItUITests;
			sourceTree = "<group>";
		};
		F944DF781DD4DB9F00F59D53 /* Supporting Files */ = {
			isa = PBXGroup;
			children = (
				F944DF7D1DD4DC5700F59D53 /* SWRevealViewController.h */,
				F944DF7E1DD4DC5700F59D53 /* SWRevealViewController.m */,
				F944DF7C1DD4DC5600F59D53 /* PlanIt-Bridging-Header.h */,
			);
			name = "Supporting Files";
			sourceTree = "<group>";
		};
		F9AFF4F31DFF63940099EA6E /* EventKit */ = {
			isa = PBXGroup;
			children = (
				F9BB35D01DFE1A6700868664 /* MGCDayPlannerEKViewController.h */,
				F9BB35D11DFE1A6700868664 /* MGCDayPlannerEKViewController.m */,
				F9BB35DA1DFE1A6700868664 /* MGCEventKitSupport.h */,
				F9BB35DB1DFE1A6700868664 /* MGCEventKitSupport.m */,
			);
			name = EventKit;
			sourceTree = "<group>";
		};
		F9AFF4F41DFF63B60099EA6E /* Events view */ = {
			isa = PBXGroup;
			children = (
				F9BB35F61DFE1A6700868664 /* MGCStandardEventView.h */,
				F9BB35F71DFE1A6700868664 /* MGCStandardEventView.m */,
				F9BB35DE1DFE1A6700868664 /* MGCEventView.h */,
				F9BB35DF1DFE1A6700868664 /* MGCEventView.m */,
			);
			name = "Events view";
			sourceTree = "<group>";
		};
		F9AFF4F51DFF63DB0099EA6E /* Day Planner */ = {
			isa = PBXGroup;
			children = (
				F9AFF4F61DFF641A0099EA6E /* Collection view cells & subviews */,
				F9AFF4F71DFF64420099EA6E /* Collection view layouts */,
				F9BB35CA1DFE1A6700868664 /* MGCCalendarHeaderView.h */,
				F9BB35CB1DFE1A6700868664 /* MGCCalendarHeaderView.m */,
				F9BB35D21DFE1A6700868664 /* MGCDayPlannerView.h */,
				F9BB35D31DFE1A6700868664 /* MGCDayPlannerView.m */,
				F9BB35D41DFE1A6700868664 /* MGCDayPlannerViewController.h */,
				F9BB35D51DFE1A6700868664 /* MGCDayPlannerViewController.m */,
			);
			name = "Day Planner";
			sourceTree = "<group>";
		};
		F9AFF4F61DFF641A0099EA6E /* Collection view cells & subviews */ = {
			isa = PBXGroup;
			children = (
				F9BB35C71DFE1A6700868664 /* MGCCalendarHeaderCell.h */,
				F9BB35C81DFE1A6700868664 /* MGCCalendarHeaderCell.m */,
				F9BB35C91DFE1A6700868664 /* MGCCalendarHeaderCell.xib */,
				F9BB35CE1DFE1A6700868664 /* MGCDayColumnCell.h */,
				F9BB35CF1DFE1A6700868664 /* MGCDayColumnCell.m */,
				F9BB35D61DFE1A6700868664 /* MGCEventCell.h */,
				F9BB35D71DFE1A6700868664 /* MGCEventCell.m */,
				F9BB35E01DFE1A6700868664 /* MGCInteractiveEventView.h */,
				F9BB35E11DFE1A6700868664 /* MGCInteractiveEventView.m */,
				F9BB35FA1DFE1A6700868664 /* MGCTimeRowsView.h */,
				F9BB35FB1DFE1A6700868664 /* MGCTimeRowsView.m */,
			);
			name = "Collection view cells & subviews";
			sourceTree = "<group>";
		};
		F9AFF4F71DFF64420099EA6E /* Collection view layouts */ = {
			isa = PBXGroup;
			children = (
				F9BB35C51DFE1A6700868664 /* MGCAllDayEventsViewLayout.h */,
				F9BB35C61DFE1A6700868664 /* MGCAllDayEventsViewLayout.m */,
				F9BB35D81DFE1A6700868664 /* MGCEventCellLayoutAttributes.h */,
				F9BB35D91DFE1A6700868664 /* MGCEventCellLayoutAttributes.m */,
				F9BB35F81DFE1A6700868664 /* MGCTimedEventsViewLayout.h */,
				F9BB35F91DFE1A6700868664 /* MGCTimedEventsViewLayout.m */,
			);
			name = "Collection view layouts";
			sourceTree = "<group>";
		};
		F9AFF4F81DFF648B0099EA6E /* Month Planner */ = {
			isa = PBXGroup;
			children = (
			);
			name = "Month Planner";
			sourceTree = "<group>";
		};
		F9AFF4F91DFF64980099EA6E /* Year Calendar */ = {
			isa = PBXGroup;
			children = (
			);
			name = "Year Calendar";
			sourceTree = "<group>";
		};
		F9BB35A61DFE12BD00868664 /* Calendar Libs */ = {
			isa = PBXGroup;
			children = (
				F9BB35C01DFE1A6700868664 /* Constant.h */,
				F9BB35C31DFE1A6700868664 /* MGCAlignedGeometry.h */,
				F9BB35C41DFE1A6700868664 /* MGCAlignedGeometry.m */,
				F9BB35CC1DFE1A6700868664 /* MGCDateRange.h */,
				F9BB35CD1DFE1A6700868664 /* MGCDateRange.m */,
				F9BB35DC1DFE1A6700868664 /* MGCEventsRowView.h */,
				F9BB35DD1DFE1A6700868664 /* MGCEventsRowView.m */,
				F9BB35F41DFE1A6700868664 /* MGCReusableObjectQueue.h */,
				F9BB35F51DFE1A6700868664 /* MGCReusableObjectQueue.m */,
				F9BB36021DFE1A6700868664 /* NSAttributedString+MGCAdditions.h */,
				F9BB36031DFE1A6700868664 /* NSAttributedString+MGCAdditions.m */,
				F9BB36041DFE1A6700868664 /* NSCalendar+MGCAdditions.h */,
				F9BB36051DFE1A6700868664 /* NSCalendar+MGCAdditions.m */,
				F9AFF4F51DFF63DB0099EA6E /* Day Planner */,
				F9AFF4F31DFF63940099EA6E /* EventKit */,
				F9AFF4F41DFF63B60099EA6E /* Events view */,
				F9AFF4F81DFF648B0099EA6E /* Month Planner */,
				F9AFF4F91DFF64980099EA6E /* Year Calendar */,
			);
			name = "Calendar Libs";
			sourceTree = "<group>";
		};
		F9BB365F1DFE457E00868664 /* Calendar */ = {
			isa = PBXGroup;
			children = (
				F9AFF4FA1DFF90FE0099EA6E /* Localizable.strings */,
				F9BB36861DFE46EF00868664 /* AppDelegate.h */,
				F9BB36871DFE46EF00868664 /* AppDelegate.m */,
				F9BB367D1DFE460200868664 /* DayViewController.h */,
				F9BB367E1DFE460200868664 /* DayViewController.m */,
				F9BB367A1DFE45FA00868664 /* CustomTimedEventsViewLayout.h */,
				F9BB367B1DFE45FA00868664 /* CustomTimedEventsViewLayout.m */,
				F9BB36781DFE45F200868664 /* Calendar-Prefix.pch */,
				F9BB36671DFE45BE00868664 /* main.m */,
				F9BB36681DFE45BE00868664 /* MainViewController.h */,
				F9BB36691DFE45BE00868664 /* MainViewController.m */,
				F9BB36601DFE45A300868664 /* WeekSettingsViewController.h */,
				F9BB36611DFE45A300868664 /* WeekSettingsViewController.m */,
				F9BB36621DFE45A300868664 /* WeekViewController.h */,
				F9BB36631DFE45A300868664 /* WeekViewController.m */,
			);
			name = Calendar;
			sourceTree = "<group>";
		};
/* End PBXGroup section */

/* Begin PBXNativeTarget section */
		F944DF031DC920AC00F59D53 /* PlanIt */ = {
			isa = PBXNativeTarget;
			buildConfigurationList = F944DF2F1DC920AD00F59D53 /* Build configuration list for PBXNativeTarget "PlanIt" */;
			buildPhases = (
				D6B00C044FDB9335BD9E4FAF /* [CP] Check Pods Manifest.lock */,
				F944DF001DC920AC00F59D53 /* Sources */,
				F944DF011DC920AC00F59D53 /* Frameworks */,
				F944DF021DC920AC00F59D53 /* Resources */,
				0BB69C1B6EDD1F297B249690 /* [CP] Embed Pods Frameworks */,
				F010F72B6B8067C3DD921F42 /* [CP] Copy Pods Resources */,
			);
			buildRules = (
			);
			dependencies = (
			);
			name = PlanIt;
			productName = PlanIt;
			productReference = F944DF041DC920AC00F59D53 /* PlanIt.app */;
			productType = "com.apple.product-type.application";
		};
		F944DF1A1DC920AD00F59D53 /* PlanItTests */ = {
			isa = PBXNativeTarget;
			buildConfigurationList = F944DF321DC920AD00F59D53 /* Build configuration list for PBXNativeTarget "PlanItTests" */;
			buildPhases = (
				75F673FD577589C1B30BC9BF /* [CP] Check Pods Manifest.lock */,
				F944DF171DC920AD00F59D53 /* Sources */,
				F944DF181DC920AD00F59D53 /* Frameworks */,
				F944DF191DC920AD00F59D53 /* Resources */,
				3ED7C81A354AC434CB186CBC /* [CP] Embed Pods Frameworks */,
				6538F3780A1212B837641B0D /* [CP] Copy Pods Resources */,
			);
			buildRules = (
			);
			dependencies = (
				F944DF1D1DC920AD00F59D53 /* PBXTargetDependency */,
			);
			name = PlanItTests;
			productName = PlanItTests;
			productReference = F944DF1B1DC920AD00F59D53 /* PlanItTests.xctest */;
			productType = "com.apple.product-type.bundle.unit-test";
		};
		F944DF251DC920AD00F59D53 /* PlanItUITests */ = {
			isa = PBXNativeTarget;
			buildConfigurationList = F944DF351DC920AD00F59D53 /* Build configuration list for PBXNativeTarget "PlanItUITests" */;
			buildPhases = (
				77311DFAD27A6A711D2F3ACC /* [CP] Check Pods Manifest.lock */,
				F944DF221DC920AD00F59D53 /* Sources */,
				F944DF231DC920AD00F59D53 /* Frameworks */,
				F944DF241DC920AD00F59D53 /* Resources */,
				66A7CA67D12EAB7084133777 /* [CP] Embed Pods Frameworks */,
				531FD7F6F6F6E53D15885BDA /* [CP] Copy Pods Resources */,
			);
			buildRules = (
			);
			dependencies = (
				F944DF281DC920AD00F59D53 /* PBXTargetDependency */,
			);
			name = PlanItUITests;
			productName = PlanItUITests;
			productReference = F944DF261DC920AD00F59D53 /* PlanItUITests.xctest */;
			productType = "com.apple.product-type.bundle.ui-testing";
		};
/* End PBXNativeTarget section */

/* Begin PBXProject section */
		F944DEFC1DC920AB00F59D53 /* Project object */ = {
			isa = PBXProject;
			attributes = {
				LastSwiftUpdateCheck = 0800;
				LastUpgradeCheck = 0800;
				ORGANIZATIONNAME = oosegroup13;
				TargetAttributes = {
					F944DF031DC920AC00F59D53 = {
						CreatedOnToolsVersion = 8.0;
						LastSwiftMigration = 0800;
						ProvisioningStyle = Automatic;
					};
					F944DF1A1DC920AD00F59D53 = {
						CreatedOnToolsVersion = 8.0;
						ProvisioningStyle = Automatic;
						TestTargetID = F944DF031DC920AC00F59D53;
					};
					F944DF251DC920AD00F59D53 = {
						CreatedOnToolsVersion = 8.0;
						ProvisioningStyle = Automatic;
						TestTargetID = F944DF031DC920AC00F59D53;
					};
				};
			};
			buildConfigurationList = F944DEFF1DC920AC00F59D53 /* Build configuration list for PBXProject "PlanIt" */;
			compatibilityVersion = "Xcode 3.2";
			developmentRegion = English;
			hasScannedForEncodings = 0;
			knownRegions = (
				en,
				Base,
			);
			mainGroup = F944DEFB1DC920AB00F59D53;
			productRefGroup = F944DF051DC920AC00F59D53 /* Products */;
			projectDirPath = "";
			projectRoot = "";
			targets = (
				F944DF031DC920AC00F59D53 /* PlanIt */,
				F944DF1A1DC920AD00F59D53 /* PlanItTests */,
				F944DF251DC920AD00F59D53 /* PlanItUITests */,
			);
		};
/* End PBXProject section */

/* Begin PBXResourcesBuildPhase section */
		F944DF021DC920AC00F59D53 /* Resources */ = {
			isa = PBXResourcesBuildPhase;
			buildActionMask = 2147483647;
			files = (
				F9BB36701DFE45BE00868664 /* main-iPhone.storyboard in Resources */,
				F944DF4F1DC9289300F59D53 /* PlanIt-Logo.png in Resources */,
				F944DF411DC9221700F59D53 /* LaunchScreen.storyboard in Resources */,
				F9BB36761DFE45BE00868664 /* settings.storyboard in Resources */,
				F944DF3F1DC9220600F59D53 /* Assets.xcassets in Resources */,
				F9AFF4FB1DFF90FE0099EA6E /* Localizable.strings in Resources */,
				BC08F05A1DFB60BA00AFA3DC /* Main.storyboard in Resources */,
				F9BB360B1DFE1A6700868664 /* MGCCalendarHeaderCell.xib in Resources */,
			);
			runOnlyForDeploymentPostprocessing = 0;
		};
		F944DF191DC920AD00F59D53 /* Resources */ = {
			isa = PBXResourcesBuildPhase;
			buildActionMask = 2147483647;
			files = (
			);
			runOnlyForDeploymentPostprocessing = 0;
		};
		F944DF241DC920AD00F59D53 /* Resources */ = {
			isa = PBXResourcesBuildPhase;
			buildActionMask = 2147483647;
			files = (
			);
			runOnlyForDeploymentPostprocessing = 0;
		};
/* End PBXResourcesBuildPhase section */

/* Begin PBXShellScriptBuildPhase section */
		0BB69C1B6EDD1F297B249690 /* [CP] Embed Pods Frameworks */ = {
			isa = PBXShellScriptBuildPhase;
			buildActionMask = 2147483647;
			files = (
			);
			inputPaths = (
			);
			name = "[CP] Embed Pods Frameworks";
			outputPaths = (
			);
			runOnlyForDeploymentPostprocessing = 0;
			shellPath = /bin/sh;
			shellScript = "\"${SRCROOT}/Pods/Target Support Files/Pods-PlanIt/Pods-PlanIt-frameworks.sh\"\n";
			showEnvVarsInLog = 0;
		};
		3ED7C81A354AC434CB186CBC /* [CP] Embed Pods Frameworks */ = {
			isa = PBXShellScriptBuildPhase;
			buildActionMask = 2147483647;
			files = (
			);
			inputPaths = (
			);
			name = "[CP] Embed Pods Frameworks";
			outputPaths = (
			);
			runOnlyForDeploymentPostprocessing = 0;
			shellPath = /bin/sh;
			shellScript = "\"${SRCROOT}/Pods/Target Support Files/Pods-PlanItTests/Pods-PlanItTests-frameworks.sh\"\n";
			showEnvVarsInLog = 0;
		};
		531FD7F6F6F6E53D15885BDA /* [CP] Copy Pods Resources */ = {
			isa = PBXShellScriptBuildPhase;
			buildActionMask = 2147483647;
			files = (
			);
			inputPaths = (
			);
			name = "[CP] Copy Pods Resources";
			outputPaths = (
			);
			runOnlyForDeploymentPostprocessing = 0;
			shellPath = /bin/sh;
			shellScript = "\"${SRCROOT}/Pods/Target Support Files/Pods-PlanItUITests/Pods-PlanItUITests-resources.sh\"\n";
			showEnvVarsInLog = 0;
		};
		6538F3780A1212B837641B0D /* [CP] Copy Pods Resources */ = {
			isa = PBXShellScriptBuildPhase;
			buildActionMask = 2147483647;
			files = (
			);
			inputPaths = (
			);
			name = "[CP] Copy Pods Resources";
			outputPaths = (
			);
			runOnlyForDeploymentPostprocessing = 0;
			shellPath = /bin/sh;
			shellScript = "\"${SRCROOT}/Pods/Target Support Files/Pods-PlanItTests/Pods-PlanItTests-resources.sh\"\n";
			showEnvVarsInLog = 0;
		};
		66A7CA67D12EAB7084133777 /* [CP] Embed Pods Frameworks */ = {
			isa = PBXShellScriptBuildPhase;
			buildActionMask = 2147483647;
			files = (
			);
			inputPaths = (
			);
			name = "[CP] Embed Pods Frameworks";
			outputPaths = (
			);
			runOnlyForDeploymentPostprocessing = 0;
			shellPath = /bin/sh;
			shellScript = "\"${SRCROOT}/Pods/Target Support Files/Pods-PlanItUITests/Pods-PlanItUITests-frameworks.sh\"\n";
			showEnvVarsInLog = 0;
		};
		75F673FD577589C1B30BC9BF /* [CP] Check Pods Manifest.lock */ = {
			isa = PBXShellScriptBuildPhase;
			buildActionMask = 2147483647;
			files = (
			);
			inputPaths = (
			);
			name = "[CP] Check Pods Manifest.lock";
			outputPaths = (
			);
			runOnlyForDeploymentPostprocessing = 0;
			shellPath = /bin/sh;
			shellScript = "diff \"${PODS_ROOT}/../Podfile.lock\" \"${PODS_ROOT}/Manifest.lock\" > /dev/null\nif [ $? != 0 ] ; then\n    # print error to STDERR\n    echo \"error: The sandbox is not in sync with the Podfile.lock. Run 'pod install' or update your CocoaPods installation.\" >&2\n    exit 1\nfi\n";
			showEnvVarsInLog = 0;
		};
		77311DFAD27A6A711D2F3ACC /* [CP] Check Pods Manifest.lock */ = {
			isa = PBXShellScriptBuildPhase;
			buildActionMask = 2147483647;
			files = (
			);
			inputPaths = (
			);
			name = "[CP] Check Pods Manifest.lock";
			outputPaths = (
			);
			runOnlyForDeploymentPostprocessing = 0;
			shellPath = /bin/sh;
			shellScript = "diff \"${PODS_ROOT}/../Podfile.lock\" \"${PODS_ROOT}/Manifest.lock\" > /dev/null\nif [ $? != 0 ] ; then\n    # print error to STDERR\n    echo \"error: The sandbox is not in sync with the Podfile.lock. Run 'pod install' or update your CocoaPods installation.\" >&2\n    exit 1\nfi\n";
			showEnvVarsInLog = 0;
		};
		D6B00C044FDB9335BD9E4FAF /* [CP] Check Pods Manifest.lock */ = {
			isa = PBXShellScriptBuildPhase;
			buildActionMask = 2147483647;
			files = (
			);
			inputPaths = (
			);
			name = "[CP] Check Pods Manifest.lock";
			outputPaths = (
			);
			runOnlyForDeploymentPostprocessing = 0;
			shellPath = /bin/sh;
			shellScript = "diff \"${PODS_ROOT}/../Podfile.lock\" \"${PODS_ROOT}/Manifest.lock\" > /dev/null\nif [ $? != 0 ] ; then\n    # print error to STDERR\n    echo \"error: The sandbox is not in sync with the Podfile.lock. Run 'pod install' or update your CocoaPods installation.\" >&2\n    exit 1\nfi\n";
			showEnvVarsInLog = 0;
		};
		F010F72B6B8067C3DD921F42 /* [CP] Copy Pods Resources */ = {
			isa = PBXShellScriptBuildPhase;
			buildActionMask = 2147483647;
			files = (
			);
			inputPaths = (
			);
			name = "[CP] Copy Pods Resources";
			outputPaths = (
			);
			runOnlyForDeploymentPostprocessing = 0;
			shellPath = /bin/sh;
			shellScript = "\"${SRCROOT}/Pods/Target Support Files/Pods-PlanIt/Pods-PlanIt-resources.sh\"\n";
			showEnvVarsInLog = 0;
		};
/* End PBXShellScriptBuildPhase section */

/* Begin PBXSourcesBuildPhase section */
		F944DF001DC920AC00F59D53 /* Sources */ = {
			isa = PBXSourcesBuildPhase;
			buildActionMask = 2147483647;
			files = (
				F9BB360C1DFE1A6700868664 /* MGCCalendarHeaderView.m in Sources */,
				F944DF0A1DC920AC00F59D53 /* ViewController.swift in Sources */,
				F9BB367C1DFE45FA00868664 /* CustomTimedEventsViewLayout.m in Sources */,
				5F4DAE271DD948B400450083 /* ItineraryManager.swift in Sources */,
				BC08F0581DFB4FC700AFA3DC /* CalendarViewController.swift in Sources */,
				F944DF4A1DC9222E00F59D53 /* ItineraryTableViewCell.swift in Sources */,
				F9BB36161DFE1A6700868664 /* MGCEventView.m in Sources */,
				F9BB36171DFE1A6700868664 /* MGCInteractiveEventView.m in Sources */,
				F9BB36221DFE1A6700868664 /* MGCStandardEventView.m in Sources */,
				F944DF391DC9214600F59D53 /* DatePickerDialog.swift in Sources */,
				F944DF481DC9222E00F59D53 /* RegisterPageViewController.swift in Sources */,
				F9BB36131DFE1A6700868664 /* MGCEventCellLayoutAttributes.m in Sources */,
				F9BB36721DFE45BE00868664 /* MainViewController.m in Sources */,
				F9BB360D1DFE1A6700868664 /* MGCDateRange.m in Sources */,
				F9BB360E1DFE1A6700868664 /* MGCDayColumnCell.m in Sources */,
				F9BB36211DFE1A6700868664 /* MGCReusableObjectQueue.m in Sources */,
				F944DF4B1DC9222E00F59D53 /* ItineraryTableViewController.swift in Sources */,
				5F4DAE251DD9206000450083 /* NavigationTableViewController.swift in Sources */,
				F9BB36231DFE1A6700868664 /* MGCTimedEventsViewLayout.m in Sources */,
				F9BB367F1DFE460200868664 /* DayViewController.m in Sources */,
				F9BB36091DFE1A6700868664 /* MGCAllDayEventsViewLayout.m in Sources */,
				F9BB36241DFE1A6700868664 /* MGCTimeRowsView.m in Sources */,
				F9BB36111DFE1A6700868664 /* MGCDayPlannerViewController.m in Sources */,
				F944DF081DC920AC00F59D53 /* AppDelegate.swift in Sources */,
				F944DF101DC920AC00F59D53 /* PlanIt.xcdatamodeld in Sources */,
				F9BB36291DFE1A6700868664 /* NSCalendar+MGCAdditions.m in Sources */,
				F944DF491DC9222E00F59D53 /* LoginPageViewController.swift in Sources */,
				F9BB36101DFE1A6700868664 /* MGCDayPlannerView.m in Sources */,
				F9BB360A1DFE1A6700868664 /* MGCCalendarHeaderCell.m in Sources */,
				5F4DAE231DD666FA00450083 /* ConnectionHandler.swift in Sources */,
				F944DF3D1DC921EB00F59D53 /* DatePicker.swift in Sources */,
				F9BB36281DFE1A6700868664 /* NSAttributedString+MGCAdditions.m in Sources */,
				F9BB36711DFE45BE00868664 /* main.m in Sources */,
				F9BB36641DFE45A300868664 /* WeekSettingsViewController.m in Sources */,
				F9BB36141DFE1A6700868664 /* MGCEventKitSupport.m in Sources */,
				F944DF4C1DC9222E00F59D53 /* Itinerary.swift in Sources */,
				F9BB36081DFE1A6700868664 /* MGCAlignedGeometry.m in Sources */,
				F944DF4D1DC9222E00F59D53 /* DateViewController.swift in Sources */,
				5F4DAE291DD94D9900450083 /* ItineraryShell.swift in Sources */,
				F9BB360F1DFE1A6700868664 /* MGCDayPlannerEKViewController.m in Sources */,
				F944DF7F1DD4DC5700F59D53 /* SWRevealViewController.m in Sources */,
				F9BB36651DFE45A300868664 /* WeekViewController.m in Sources */,
				F9BB36151DFE1A6700868664 /* MGCEventsRowView.m in Sources */,
				F9BB36121DFE1A6700868664 /* MGCEventCell.m in Sources */,
				F9BB36881DFE46EF00868664 /* AppDelegate.m in Sources */,
			);
			runOnlyForDeploymentPostprocessing = 0;
		};
		F944DF171DC920AD00F59D53 /* Sources */ = {
			isa = PBXSourcesBuildPhase;
			buildActionMask = 2147483647;
			files = (
				F944DF201DC920AD00F59D53 /* PlanItTests.swift in Sources */,
			);
			runOnlyForDeploymentPostprocessing = 0;
		};
		F944DF221DC920AD00F59D53 /* Sources */ = {
			isa = PBXSourcesBuildPhase;
			buildActionMask = 2147483647;
			files = (
				F944DF2B1DC920AD00F59D53 /* PlanItUITests.swift in Sources */,
			);
			runOnlyForDeploymentPostprocessing = 0;
		};
/* End PBXSourcesBuildPhase section */

/* Begin PBXTargetDependency section */
		F944DF1D1DC920AD00F59D53 /* PBXTargetDependency */ = {
			isa = PBXTargetDependency;
			target = F944DF031DC920AC00F59D53 /* PlanIt */;
			targetProxy = F944DF1C1DC920AD00F59D53 /* PBXContainerItemProxy */;
		};
		F944DF281DC920AD00F59D53 /* PBXTargetDependency */ = {
			isa = PBXTargetDependency;
			target = F944DF031DC920AC00F59D53 /* PlanIt */;
			targetProxy = F944DF271DC920AD00F59D53 /* PBXContainerItemProxy */;
		};
/* End PBXTargetDependency section */

/* Begin XCBuildConfiguration section */
		F944DF2D1DC920AD00F59D53 /* Debug */ = {
			isa = XCBuildConfiguration;
			buildSettings = {
				ALWAYS_SEARCH_USER_PATHS = NO;
				CLANG_ANALYZER_NONNULL = YES;
				CLANG_CXX_LANGUAGE_STANDARD = "gnu++0x";
				CLANG_CXX_LIBRARY = "libc++";
				CLANG_ENABLE_MODULES = YES;
				CLANG_ENABLE_OBJC_ARC = YES;
				CLANG_WARN_BOOL_CONVERSION = YES;
				CLANG_WARN_CONSTANT_CONVERSION = YES;
				CLANG_WARN_DIRECT_OBJC_ISA_USAGE = YES_ERROR;
				CLANG_WARN_DOCUMENTATION_COMMENTS = YES;
				CLANG_WARN_EMPTY_BODY = YES;
				CLANG_WARN_ENUM_CONVERSION = YES;
				CLANG_WARN_INFINITE_RECURSION = YES;
				CLANG_WARN_INT_CONVERSION = YES;
				CLANG_WARN_OBJC_ROOT_CLASS = YES_ERROR;
				CLANG_WARN_SUSPICIOUS_MOVES = YES;
				CLANG_WARN_UNREACHABLE_CODE = YES;
				CLANG_WARN__DUPLICATE_METHOD_MATCH = YES;
				"CODE_SIGN_IDENTITY[sdk=iphoneos*]" = "iPhone Developer";
				COPY_PHASE_STRIP = NO;
				DEBUG_INFORMATION_FORMAT = dwarf;
				ENABLE_STRICT_OBJC_MSGSEND = YES;
				ENABLE_TESTABILITY = YES;
				GCC_C_LANGUAGE_STANDARD = gnu99;
				GCC_DYNAMIC_NO_PIC = NO;
				GCC_NO_COMMON_BLOCKS = YES;
				GCC_OPTIMIZATION_LEVEL = 0;
				GCC_PREPROCESSOR_DEFINITIONS = (
					"DEBUG=1",
					"$(inherited)",
				);
				GCC_WARN_64_TO_32_BIT_CONVERSION = YES;
				GCC_WARN_ABOUT_RETURN_TYPE = YES_ERROR;
				GCC_WARN_UNDECLARED_SELECTOR = YES;
				GCC_WARN_UNINITIALIZED_AUTOS = YES_AGGRESSIVE;
				GCC_WARN_UNUSED_FUNCTION = YES;
				GCC_WARN_UNUSED_VARIABLE = YES;
				IPHONEOS_DEPLOYMENT_TARGET = 10.0;
				MTL_ENABLE_DEBUG_INFO = YES;
				ONLY_ACTIVE_ARCH = YES;
				SDKROOT = iphoneos;
				SWIFT_ACTIVE_COMPILATION_CONDITIONS = DEBUG;
				SWIFT_OPTIMIZATION_LEVEL = "-Onone";
				TARGETED_DEVICE_FAMILY = "1,2";
			};
			name = Debug;
		};
		F944DF2E1DC920AD00F59D53 /* Release */ = {
			isa = XCBuildConfiguration;
			buildSettings = {
				ALWAYS_SEARCH_USER_PATHS = NO;
				CLANG_ANALYZER_NONNULL = YES;
				CLANG_CXX_LANGUAGE_STANDARD = "gnu++0x";
				CLANG_CXX_LIBRARY = "libc++";
				CLANG_ENABLE_MODULES = YES;
				CLANG_ENABLE_OBJC_ARC = YES;
				CLANG_WARN_BOOL_CONVERSION = YES;
				CLANG_WARN_CONSTANT_CONVERSION = YES;
				CLANG_WARN_DIRECT_OBJC_ISA_USAGE = YES_ERROR;
				CLANG_WARN_DOCUMENTATION_COMMENTS = YES;
				CLANG_WARN_EMPTY_BODY = YES;
				CLANG_WARN_ENUM_CONVERSION = YES;
				CLANG_WARN_INFINITE_RECURSION = YES;
				CLANG_WARN_INT_CONVERSION = YES;
				CLANG_WARN_OBJC_ROOT_CLASS = YES_ERROR;
				CLANG_WARN_SUSPICIOUS_MOVES = YES;
				CLANG_WARN_UNREACHABLE_CODE = YES;
				CLANG_WARN__DUPLICATE_METHOD_MATCH = YES;
				"CODE_SIGN_IDENTITY[sdk=iphoneos*]" = "iPhone Developer";
				COPY_PHASE_STRIP = NO;
				DEBUG_INFORMATION_FORMAT = "dwarf-with-dsym";
				ENABLE_NS_ASSERTIONS = NO;
				ENABLE_STRICT_OBJC_MSGSEND = YES;
				GCC_C_LANGUAGE_STANDARD = gnu99;
				GCC_NO_COMMON_BLOCKS = YES;
				GCC_WARN_64_TO_32_BIT_CONVERSION = YES;
				GCC_WARN_ABOUT_RETURN_TYPE = YES_ERROR;
				GCC_WARN_UNDECLARED_SELECTOR = YES;
				GCC_WARN_UNINITIALIZED_AUTOS = YES_AGGRESSIVE;
				GCC_WARN_UNUSED_FUNCTION = YES;
				GCC_WARN_UNUSED_VARIABLE = YES;
				IPHONEOS_DEPLOYMENT_TARGET = 10.0;
				MTL_ENABLE_DEBUG_INFO = NO;
				SDKROOT = iphoneos;
				SWIFT_OPTIMIZATION_LEVEL = "-Owholemodule";
				TARGETED_DEVICE_FAMILY = "1,2";
				VALIDATE_PRODUCT = YES;
			};
			name = Release;
		};
		F944DF301DC920AD00F59D53 /* Debug */ = {
			isa = XCBuildConfiguration;
			baseConfigurationReference = 68F773566CFD9695C55FD734 /* Pods-PlanIt.debug.xcconfig */;
			buildSettings = {
				ASSETCATALOG_COMPILER_APPICON_NAME = AppIcon;
				CLANG_ENABLE_MODULES = YES;
				FRAMEWORK_SEARCH_PATHS = (
					"$(inherited)",
					"$(PROJECT_DIR)",
				);
				INFOPLIST_FILE = PlanIt/Info.plist;
				LD_RUNPATH_SEARCH_PATHS = "$(inherited) @executable_path/Frameworks";
				PRODUCT_BUNDLE_IDENTIFIER = oosegroup13.PlanIt;
				PRODUCT_NAME = "$(TARGET_NAME)";
				SWIFT_OBJC_BRIDGING_HEADER = "PlanIt/PlanIt-Bridging-Header.h";
				SWIFT_OPTIMIZATION_LEVEL = "-Onone";
				SWIFT_VERSION = 3.0;
			};
			name = Debug;
		};
		F944DF311DC920AD00F59D53 /* Release */ = {
			isa = XCBuildConfiguration;
			baseConfigurationReference = B661A13B28D47183FFBD0B43 /* Pods-PlanIt.release.xcconfig */;
			buildSettings = {
				ASSETCATALOG_COMPILER_APPICON_NAME = AppIcon;
				CLANG_ENABLE_MODULES = YES;
				FRAMEWORK_SEARCH_PATHS = (
					"$(inherited)",
					"$(PROJECT_DIR)",
				);
				INFOPLIST_FILE = PlanIt/Info.plist;
				LD_RUNPATH_SEARCH_PATHS = "$(inherited) @executable_path/Frameworks";
				PRODUCT_BUNDLE_IDENTIFIER = oosegroup13.PlanIt;
				PRODUCT_NAME = "$(TARGET_NAME)";
				SWIFT_OBJC_BRIDGING_HEADER = "PlanIt/PlanIt-Bridging-Header.h";
				SWIFT_VERSION = 3.0;
			};
			name = Release;
		};
		F944DF331DC920AD00F59D53 /* Debug */ = {
			isa = XCBuildConfiguration;
			baseConfigurationReference = E00277539C039736CB83B76A /* Pods-PlanItTests.debug.xcconfig */;
			buildSettings = {
				ALWAYS_EMBED_SWIFT_STANDARD_LIBRARIES = YES;
				BUNDLE_LOADER = "$(TEST_HOST)";
				INFOPLIST_FILE = PlanItTests/Info.plist;
				LD_RUNPATH_SEARCH_PATHS = "$(inherited) @executable_path/Frameworks @loader_path/Frameworks";
				PRODUCT_BUNDLE_IDENTIFIER = oosegroup13.PlanItTests;
				PRODUCT_NAME = "$(TARGET_NAME)";
				SWIFT_VERSION = 3.0;
				TEST_HOST = "$(BUILT_PRODUCTS_DIR)/PlanIt.app/PlanIt";
			};
			name = Debug;
		};
		F944DF341DC920AD00F59D53 /* Release */ = {
			isa = XCBuildConfiguration;
			baseConfigurationReference = CD6EC06CD1C8F28A2D610C30 /* Pods-PlanItTests.release.xcconfig */;
			buildSettings = {
				ALWAYS_EMBED_SWIFT_STANDARD_LIBRARIES = YES;
				BUNDLE_LOADER = "$(TEST_HOST)";
				INFOPLIST_FILE = PlanItTests/Info.plist;
				LD_RUNPATH_SEARCH_PATHS = "$(inherited) @executable_path/Frameworks @loader_path/Frameworks";
				PRODUCT_BUNDLE_IDENTIFIER = oosegroup13.PlanItTests;
				PRODUCT_NAME = "$(TARGET_NAME)";
				SWIFT_VERSION = 3.0;
				TEST_HOST = "$(BUILT_PRODUCTS_DIR)/PlanIt.app/PlanIt";
			};
			name = Release;
		};
		F944DF361DC920AD00F59D53 /* Debug */ = {
			isa = XCBuildConfiguration;
			baseConfigurationReference = 17562A9AE8C3E3AED3467E98 /* Pods-PlanItUITests.debug.xcconfig */;
			buildSettings = {
				ALWAYS_EMBED_SWIFT_STANDARD_LIBRARIES = YES;
				INFOPLIST_FILE = PlanItUITests/Info.plist;
				LD_RUNPATH_SEARCH_PATHS = "$(inherited) @executable_path/Frameworks @loader_path/Frameworks";
				PRODUCT_BUNDLE_IDENTIFIER = oosegroup13.PlanItUITests;
				PRODUCT_NAME = "$(TARGET_NAME)";
				SWIFT_VERSION = 3.0;
				TEST_TARGET_NAME = PlanIt;
			};
			name = Debug;
		};
		F944DF371DC920AD00F59D53 /* Release */ = {
			isa = XCBuildConfiguration;
			baseConfigurationReference = C75A2822C57D4F284206F040 /* Pods-PlanItUITests.release.xcconfig */;
			buildSettings = {
				ALWAYS_EMBED_SWIFT_STANDARD_LIBRARIES = YES;
				INFOPLIST_FILE = PlanItUITests/Info.plist;
				LD_RUNPATH_SEARCH_PATHS = "$(inherited) @executable_path/Frameworks @loader_path/Frameworks";
				PRODUCT_BUNDLE_IDENTIFIER = oosegroup13.PlanItUITests;
				PRODUCT_NAME = "$(TARGET_NAME)";
				SWIFT_VERSION = 3.0;
				TEST_TARGET_NAME = PlanIt;
			};
			name = Release;
		};
/* End XCBuildConfiguration section */

/* Begin XCConfigurationList section */
		F944DEFF1DC920AC00F59D53 /* Build configuration list for PBXProject "PlanIt" */ = {
			isa = XCConfigurationList;
			buildConfigurations = (
				F944DF2D1DC920AD00F59D53 /* Debug */,
				F944DF2E1DC920AD00F59D53 /* Release */,
			);
			defaultConfigurationIsVisible = 0;
			defaultConfigurationName = Release;
		};
		F944DF2F1DC920AD00F59D53 /* Build configuration list for PBXNativeTarget "PlanIt" */ = {
			isa = XCConfigurationList;
			buildConfigurations = (
				F944DF301DC920AD00F59D53 /* Debug */,
				F944DF311DC920AD00F59D53 /* Release */,
			);
			defaultConfigurationIsVisible = 0;
			defaultConfigurationName = Release;
		};
		F944DF321DC920AD00F59D53 /* Build configuration list for PBXNativeTarget "PlanItTests" */ = {
			isa = XCConfigurationList;
			buildConfigurations = (
				F944DF331DC920AD00F59D53 /* Debug */,
				F944DF341DC920AD00F59D53 /* Release */,
			);
			defaultConfigurationIsVisible = 0;
			defaultConfigurationName = Release;
		};
		F944DF351DC920AD00F59D53 /* Build configuration list for PBXNativeTarget "PlanItUITests" */ = {
			isa = XCConfigurationList;
			buildConfigurations = (
				F944DF361DC920AD00F59D53 /* Debug */,
				F944DF371DC920AD00F59D53 /* Release */,
			);
			defaultConfigurationIsVisible = 0;
			defaultConfigurationName = Release;
		};
/* End XCConfigurationList section */

/* Begin XCVersionGroup section */
		F944DF0E1DC920AC00F59D53 /* PlanIt.xcdatamodeld */ = {
			isa = XCVersionGroup;
			children = (
				F944DF0F1DC920AC00F59D53 /* PlanIt.xcdatamodel */,
			);
			currentVersion = F944DF0F1DC920AC00F59D53 /* PlanIt.xcdatamodel */;
			path = PlanIt.xcdatamodeld;
			sourceTree = "<group>";
			versionGroupType = wrapper.xcdatamodel;
		};
/* End XCVersionGroup section */
	};
	rootObject = F944DEFC1DC920AB00F59D53 /* Project object */;
}
